# THIS IS AN AUTOGENERATED FILE. DO NOT EDIT THIS FILE DIRECTLY.
# yarn lockfile v1


"@capacitor/android@^1.1.0":
  version "1.1.0"
  resolved "https://registry.yarnpkg.com/@capacitor/android/-/android-1.1.0.tgz#83d0322171a69754d99da28477fdd8abed7d9075"
  integrity sha512-a7GK4AatDPvUh6wXLIJ3/s9RGVxrpo/0xUZk79Q6poEtINHsXcS24lcMOE0o1Yig+ZAbjopoOZw+nZyynRDiwA==

"@capacitor/core@^1.1.0":
  version "1.1.0"
  resolved "https://registry.yarnpkg.com/@capacitor/core/-/core-1.1.0.tgz#e2c08b793f9aa8a85af55668c069e134e176786d"
  integrity sha512-hIV3YKbWWHEqq21TFvN6vGJrFL2/Q/Ej/rb4XuArYedUiejVAiZMl0o6aj46lHCAhA0k4V45KqibxLSjsV5qkg==
  dependencies:
    tslib "^1.9.0"

"@capacitor/ios@^1.1.0":
  version "1.1.0"
  resolved "https://registry.yarnpkg.com/@capacitor/ios/-/ios-1.1.0.tgz#310659a8feec0e22c8e108b968db936281114e0c"
  integrity sha512-KB2VrVWd6GmSZwbjeO4GkGotng1/pBQNWxcGgahi2HOTezK0kB3Rf1tBH4NBFSCOSqsrYrNWfIVSOtmHo7lsPQ==

resize-observer-polyfill@^1.5.1:
  version "1.5.1"
  resolved "https://registry.yarnpkg.com/resize-observer-polyfill/-/resize-observer-polyfill-1.5.1.tgz#0e9020dd3d21024458d4ebd27e23e40269810464"
  integrity sha512-LwZrotdHOo12nQuZlHEmtuXdqGoOD0OhaxopaNFxWzInpEgaLWoVuAMbTzixuosCx2nEG58ngzW3vxdWoxIgdg==

tslib@^1.9.0:
  version "1.10.0"
  resolved "https://registry.yarnpkg.com/tslib/-/tslib-1.10.0.tgz#c3c19f95973fb0a62973fb09d90d961ee43e5c8a"
  integrity sha512-qOebF53frne81cf0S9B41ByenJ3/IuH8yJKngAX35CmiZySA0khhkovshKK+jGCaMnVomla7gVlIcc3EvKPbTQ==

typescript@^2.6.2:
  version "2.9.2"
  resolved "https://registry.yarnpkg.com/typescript/-/typescript-2.9.2.tgz#1cbf61d05d6b96269244eb6a3bce4bd914e0f00c"
  integrity sha512-Gr4p6nFNaoufRIY4NMdpQRNmgxVIGMs4Fcu/ujdYk3nAZqk7supzBE9idmvfZIlH/Cuj//dvi+019qEue9lV0w==
